
Microsoft Visual Studio Solution File, Format Version 12.00
# Visual Studio Version 16
VisualStudioVersion = 16.0.29009.5
MinimumVisualStudioVersion = 10.0.40219.1
Project("{8BC9CEB8-8B4A-11D0-8D11-00A0C91BC942}") = "loghook", "loghook\loghook.vcxproj", "{E4683CDB-BFB7-4EC6-84BA-7682A9CD2B52}"
EndProject
Project("{8BC9CEB8-8B4A-11D0-8D11-00A0C91BC942}") = "unloadme", "unloadme\unloadme.vcxproj", "{B9F31B10-8172-4900-A1FB-603B5CBDDCF1}"
EndProject
Global
	GlobalSection(SolutionConfigurationPlatforms) = preSolution
		Debug|x64 = Debug|x64
		Debug|x86 = Debug|x86
		Release|x64 = Release|x64
		Release|x86 = Release|x86
	EndGlobalSection
	GlobalSection(ProjectConfigurationPlatforms) = postSolution
		{E4683CDB-BFB7-4EC6-84BA-7682A9CD2B52}.Debug|x64.ActiveCfg = Debug|x64
		{E4683CDB-BFB7-4EC6-84BA-7682A9CD2B52}.Debug|x64.Build.0 = Debug|x64
		{E4683CDB-BFB7-4EC6-84BA-7682A9CD2B52}.Debug|x86.ActiveCfg = Debug|Win32
		{E4683CDB-BFB7-4EC6-84BA-7682A9CD2B52}.Debug|x86.Build.0 = Debug|Win32
		{E4683CDB-BFB7-4EC6-84BA-7682A9CD2B52}.Release|x64.ActiveCfg = Release|x64
		{E4683CDB-BFB7-4EC6-84BA-7682A9CD2B52}.Release|x64.Build.0 = Release|x64
		{E4683CDB-BFB7-4EC6-84BA-7682A9CD2B52}.Release|x86.ActiveCfg = Release|Win32
		{E4683CDB-BFB7-4EC6-84BA-7682A9CD2B52}.Release|x86.Build.0 = Release|Win32
		{B9F31B10-8172-4900-A1FB-603B5CBDDCF1}.Debug|x64.ActiveCfg = Debug|x64
		{B9F31B10-8172-4900-A1FB-603B5CBDDCF1}.Debug|x64.Build.0 = Debug|x64
		{B9F31B10-8172-4900-A1FB-603B5CBDDCF1}.Debug|x86.ActiveCfg = Debug|Win32
		{B9F31B10-8172-4900-A1FB-603B5CBDDCF1}.Debug|x86.Build.0 = Debug|Win32
		{B9F31B10-8172-4900-A1FB-603B5CBDDCF1}.Release|x64.ActiveCfg = Release|x64
		{B9F31B10-8172-4900-A1FB-603B5CBDDCF1}.Release|x64.Build.0 = Release|x64
		{B9F31B10-8172-4900-A1FB-603B5CBDDCF1}.Release|x86.ActiveCfg = Release|Win32
		{B9F31B10-8172-4900-A1FB-603B5CBDDCF1}.Release|x86.Build.0 = Release|Win32
	EndGlobalSection
	GlobalSection(SolutionProperties) = preSolution
		HideSolutionNode = FALSE
	EndGlobalSection
	GlobalSection(ExtensibilityGlobals) = postSolution
		SolutionGuid = {5ECD4DBD-62BC-4ABE-939E-98BEE7DBA096}
	EndGlobalSection
EndGlobal
